
Microsoft Visual Studio Solution File, Format Version 12.00
Project("{FAE04EC0-301F-11D3-BF4B-00C04F79EFBC}") = "ShopsRUs", "ShopsRUs\ShopsRUs.csproj", "{7C622162-A46B-4651-9A41-2AA105F2A19D}"
EndProject
Project("{FAE04EC0-301F-11D3-BF4B-00C04F79EFBC}") = "ShopsRUs.Tests", "ShopsRUs.Tests\ShopsRUs.Tests.csproj", "{73D6FF98-06EB-4202-A562-7DFE93895D2E}"
EndProject
Global
	GlobalSection(SolutionConfigurationPlatforms) = preSolution
		Debug|Any CPU = Debug|Any CPU
		Release|Any CPU = Release|Any CPU
	EndGlobalSection
	GlobalSection(ProjectConfigurationPlatforms) = postSolution
		{7C622162-A46B-4651-9A41-2AA105F2A19D}.Debug|Any CPU.ActiveCfg = Debug|Any CPU
		{7C622162-A46B-4651-9A41-2AA105F2A19D}.Debug|Any CPU.Build.0 = Debug|Any CPU
		{7C622162-A46B-4651-9A41-2AA105F2A19D}.Release|Any CPU.ActiveCfg = Release|Any CPU
		{7C622162-A46B-4651-9A41-2AA105F2A19D}.Release|Any CPU.Build.0 = Release|Any CPU
		{73D6FF98-06EB-4202-A562-7DFE93895D2E}.Debug|Any CPU.ActiveCfg = Debug|Any CPU
		{73D6FF98-06EB-4202-A562-7DFE93895D2E}.Debug|Any CPU.Build.0 = Debug|Any CPU
		{73D6FF98-06EB-4202-A562-7DFE93895D2E}.Release|Any CPU.ActiveCfg = Release|Any CPU
		{73D6FF98-06EB-4202-A562-7DFE93895D2E}.Release|Any CPU.Build.0 = Release|Any CPU
	EndGlobalSection
EndGlobal
